
Microsoft Visual Studio Solution File, Format Version 12.00
# Visual Studio Version 17
VisualStudioVersion = 17.5.33209.295
MinimumVisualStudioVersion = 10.0.40219.1
Project("{9A19103F-16F7-4668-BE54-9A1E7A4F7556}") = "Fritz.StaticBlog", "Fritz.StaticBlog\Fritz.StaticBlog.csproj", "{420B1AE5-B7EE-4EC6-8F65-CBAF5837B698}"
EndProject
Project("{9A19103F-16F7-4668-BE54-9A1E7A4F7556}") = "Test.StaticBlog", "Test.StaticBlog\Test.StaticBlog.csproj", "{1ED75EE5-F222-4936-A362-0DD15FE33BA2}"
EndProject
Project("{9A19103F-16F7-4668-BE54-9A1E7A4F7556}") = "Test.StaticBlog.Web", "Test.StaticBlog.Web\Test.StaticBlog.Web.csproj", "{D29F3D38-7BD6-4F52-BD88-F17E78B8BA0B}"
EndProject
Project("{2150E333-8FDC-42A3-9474-1A3956D46DE8}") = "_Solution Files", "_Solution Files", "{89AAF1CB-07A8-4913-BC32-CB33892D9FB0}"
	ProjectSection(SolutionItems) = preProject
		.editorconfig = .editorconfig
	EndProjectSection
EndProject
Global
	GlobalSection(SolutionConfigurationPlatforms) = preSolution
		Debug|Any CPU = Debug|Any CPU
		Debug|x64 = Debug|x64
		Debug|x86 = Debug|x86
		Release|Any CPU = Release|Any CPU
		Release|x64 = Release|x64
		Release|x86 = Release|x86
	EndGlobalSection
	GlobalSection(ProjectConfigurationPlatforms) = postSolution
		{420B1AE5-B7EE-4EC6-8F65-CBAF5837B698}.Debug|Any CPU.ActiveCfg = Debug|Any CPU
		{420B1AE5-B7EE-4EC6-8F65-CBAF5837B698}.Debug|Any CPU.Build.0 = Debug|Any CPU
		{420B1AE5-B7EE-4EC6-8F65-CBAF5837B698}.Debug|x64.ActiveCfg = Debug|Any CPU
		{420B1AE5-B7EE-4EC6-8F65-CBAF5837B698}.Debug|x64.Build.0 = Debug|Any CPU
		{420B1AE5-B7EE-4EC6-8F65-CBAF5837B698}.Debug|x86.ActiveCfg = Debug|Any CPU
		{420B1AE5-B7EE-4EC6-8F65-CBAF5837B698}.Debug|x86.Build.0 = Debug|Any CPU
		{420B1AE5-B7EE-4EC6-8F65-CBAF5837B698}.Release|Any CPU.ActiveCfg = Release|Any CPU
		{420B1AE5-B7EE-4EC6-8F65-CBAF5837B698}.Release|Any CPU.Build.0 = Release|Any CPU
		{420B1AE5-B7EE-4EC6-8F65-CBAF5837B698}.Release|x64.ActiveCfg = Release|Any CPU
		{420B1AE5-B7EE-4EC6-8F65-CBAF5837B698}.Release|x64.Build.0 = Release|Any CPU
		{420B1AE5-B7EE-4EC6-8F65-CBAF5837B698}.Release|x86.ActiveCfg = Release|Any CPU
		{420B1AE5-B7EE-4EC6-8F65-CBAF5837B698}.Release|x86.Build.0 = Release|Any CPU
		{1ED75EE5-F222-4936-A362-0DD15FE33BA2}.Debug|Any CPU.ActiveCfg = Debug|Any CPU
		{1ED75EE5-F222-4936-A362-0DD15FE33BA2}.Debug|Any CPU.Build.0 = Debug|Any CPU
		{1ED75EE5-F222-4936-A362-0DD15FE33BA2}.Debug|x64.ActiveCfg = Debug|Any CPU
		{1ED75EE5-F222-4936-A362-0DD15FE33BA2}.Debug|x64.Build.0 = Debug|Any CPU
		{1ED75EE5-F222-4936-A362-0DD15FE33BA2}.Debug|x86.ActiveCfg = Debug|Any CPU
		{1ED75EE5-F222-4936-A362-0DD15FE33BA2}.Debug|x86.Build.0 = Debug|Any CPU
		{1ED75EE5-F222-4936-A362-0DD15FE33BA2}.Release|Any CPU.ActiveCfg = Release|Any CPU
		{1ED75EE5-F222-4936-A362-0DD15FE33BA2}.Release|Any CPU.Build.0 = Release|Any CPU
		{1ED75EE5-F222-4936-A362-0DD15FE33BA2}.Release|x64.ActiveCfg = Release|Any CPU
		{1ED75EE5-F222-4936-A362-0DD15FE33BA2}.Release|x64.Build.0 = Release|Any CPU
		{1ED75EE5-F222-4936-A362-0DD15FE33BA2}.Release|x86.ActiveCfg = Release|Any CPU
		{1ED75EE5-F222-4936-A362-0DD15FE33BA2}.Release|x86.Build.0 = Release|Any CPU
		{D29F3D38-7BD6-4F52-BD88-F17E78B8BA0B}.Debug|Any CPU.ActiveCfg = Debug|Any CPU
		{D29F3D38-7BD6-4F52-BD88-F17E78B8BA0B}.Debug|Any CPU.Build.0 = Debug|Any CPU
		{D29F3D38-7BD6-4F52-BD88-F17E78B8BA0B}.Debug|x64.ActiveCfg = Debug|Any CPU
		{D29F3D38-7BD6-4F52-BD88-F17E78B8BA0B}.Debug|x64.Build.0 = Debug|Any CPU
		{D29F3D38-7BD6-4F52-BD88-F17E78B8BA0B}.Debug|x86.ActiveCfg = Debug|Any CPU
		{D29F3D38-7BD6-4F52-BD88-F17E78B8BA0B}.Debug|x86.Build.0 = Debug|Any CPU
		{D29F3D38-7BD6-4F52-BD88-F17E78B8BA0B}.Release|Any CPU.ActiveCfg = Release|Any CPU
		{D29F3D38-7BD6-4F52-BD88-F17E78B8BA0B}.Release|Any CPU.Build.0 = Release|Any CPU
		{D29F3D38-7BD6-4F52-BD88-F17E78B8BA0B}.Release|x64.ActiveCfg = Release|Any CPU
		{D29F3D38-7BD6-4F52-BD88-F17E78B8BA0B}.Release|x64.Build.0 = Release|Any CPU
		{D29F3D38-7BD6-4F52-BD88-F17E78B8BA0B}.Release|x86.ActiveCfg = Release|Any CPU
		{D29F3D38-7BD6-4F52-BD88-F17E78B8BA0B}.Release|x86.Build.0 = Release|Any CPU
	EndGlobalSection
	GlobalSection(SolutionProperties) = preSolution
		HideSolutionNode = FALSE
	EndGlobalSection
	GlobalSection(ExtensibilityGlobals) = postSolution
		SolutionGuid = {185ED6A4-6D6C-401F-A4B2-7CCA18A42DD9}
	EndGlobalSection
EndGlobal
